// !$*UTF8*$!
{
	archiveVersion = 1;
	classes = {
	};
	objectVersion = 50;
	objects = {

/* Begin PBXBuildFile section */
		825FFD98248CACA400D5E006 /* ProcrastinationStopWatchScreen.swift in Sources */ = {isa = PBXBuildFile; fileRef = 825FFD97248CACA400D5E006 /* ProcrastinationStopWatchScreen.swift */; };
		825FFD9A248D937D00D5E006 /* ChoseTimeWork.swift in Sources */ = {isa = PBXBuildFile; fileRef = 825FFD99248D937C00D5E006 /* ChoseTimeWork.swift */; };
		825FFD9C248D983300D5E006 /* WorkTimerStart.swift in Sources */ = {isa = PBXBuildFile; fileRef = 825FFD9B248D983300D5E006 /* WorkTimerStart.swift */; };
		82618907247C182D0035F48C /* AppDelegate.swift in Sources */ = {isa = PBXBuildFile; fileRef = 82618906247C182D0035F48C /* AppDelegate.swift */; };
		82618909247C182D0035F48C /* SceneDelegate.swift in Sources */ = {isa = PBXBuildFile; fileRef = 82618908247C182D0035F48C /* SceneDelegate.swift */; };
		8261890B247C182D0035F48C /* ViewController.swift in Sources */ = {isa = PBXBuildFile; fileRef = 8261890A247C182D0035F48C /* ViewController.swift */; };
		8261890E247C182D0035F48C /* Main.storyboard in Resources */ = {isa = PBXBuildFile; fileRef = 8261890C247C182D0035F48C /* Main.storyboard */; };
		82618910247C18310035F48C /* Assets.xcassets in Resources */ = {isa = PBXBuildFile; fileRef = 8261890F247C18310035F48C /* Assets.xcassets */; };
		82618913247C18310035F48C /* LaunchScreen.storyboard in Resources */ = {isa = PBXBuildFile; fileRef = 82618911247C18310035F48C /* LaunchScreen.storyboard */; };
/* End PBXBuildFile section */

/* Begin PBXFileReference section */
		825FFD97248CACA400D5E006 /* ProcrastinationStopWatchScreen.swift */ = {isa = PBXFileReference; lastKnownFileType = sourcecode.swift; path = ProcrastinationStopWatchScreen.swift; sourceTree = "<group>"; };
		825FFD99248D937C00D5E006 /* ChoseTimeWork.swift */ = {isa = PBXFileReference; lastKnownFileType = sourcecode.swift; path = ChoseTimeWork.swift; sourceTree = "<group>"; };
		825FFD9B248D983300D5E006 /* WorkTimerStart.swift */ = {isa = PBXFileReference; lastKnownFileType = sourcecode.swift; path = WorkTimerStart.swift; sourceTree = "<group>"; };
		82618903247C182D0035F48C /* ProcrastinationApp.app */ = {isa = PBXFileReference; explicitFileType = wrapper.application; includeInIndex = 0; path = ProcrastinationApp.app; sourceTree = BUILT_PRODUCTS_DIR; };
		82618906247C182D0035F48C /* AppDelegate.swift */ = {isa = PBXFileReference; lastKnownFileType = sourcecode.swift; path = AppDelegate.swift; sourceTree = "<group>"; };
		82618908247C182D0035F48C /* SceneDelegate.swift */ = {isa = PBXFileReference; lastKnownFileType = sourcecode.swift; path = SceneDelegate.swift; sourceTree = "<group>"; };
		8261890A247C182D0035F48C /* ViewController.swift */ = {isa = PBXFileReference; lastKnownFileType = sourcecode.swift; path = ViewController.swift; sourceTree = "<group>"; };
		8261890D247C182D0035F48C /* Base */ = {isa = PBXFileReference; lastKnownFileType = file.storyboard; name = Base; path = Base.lproj/Main.storyboard; sourceTree = "<group>"; };
		8261890F247C18310035F48C /* Assets.xcassets */ = {isa = PBXFileReference; lastKnownFileType = folder.assetcatalog; path = Assets.xcassets; sourceTree = "<group>"; };
		82618912247C18310035F48C /* Base */ = {isa = PBXFileReference; lastKnownFileType = file.storyboard; name = Base; path = Base.lproj/LaunchScreen.storyboard; sourceTree = "<group>"; };
		82618914247C18310035F48C /* Info.plist */ = {isa = PBXFileReference; lastKnownFileType = text.plist.xml; path = Info.plist; sourceTree = "<group>"; };
/* End PBXFileReference section */

/* Begin PBXFrameworksBuildPhase section */
		82618900247C182D0035F48C /* Frameworks */ = {
			isa = PBXFrameworksBuildPhase;
			buildActionMask = 2147483647;
			files = (
			);
			runOnlyForDeploymentPostprocessing = 0;
		};
/* End PBXFrameworksBuildPhase section */

/* Begin PBXGroup section */
		825FFD96248CAC1900D5E006 /* New Group */ = {
			isa = PBXGroup;
			children = (
				8261890A247C182D0035F48C /* ViewController.swift */,
				825FFD97248CACA400D5E006 /* ProcrastinationStopWatchScreen.swift */,
			);
			path = "New Group";
			sourceTree = "<group>";
		};
		826188FA247C182D0035F48C = {
			isa = PBXGroup;
			children = (
				82618905247C182D0035F48C /* ProcrastinationApp */,
				82618904247C182D0035F48C /* Products */,
			);
			sourceTree = "<group>";
		};
		82618904247C182D0035F48C /* Products */ = {
			isa = PBXGroup;
			children = (
				82618903247C182D0035F48C /* ProcrastinationApp.app */,
			);
			name = Products;
			sourceTree = "<group>";
		};
		82618905247C182D0035F48C /* ProcrastinationApp */ = {
			isa = PBXGroup;
			children = (
				82618906247C182D0035F48C /* AppDelegate.swift */,
				82618908247C182D0035F48C /* SceneDelegate.swift */,
				825FFD96248CAC1900D5E006 /* New Group */,
				8261890C247C182D0035F48C /* Main.storyboard */,
				8261890F247C18310035F48C /* Assets.xcassets */,
				82618911247C18310035F48C /* LaunchScreen.storyboard */,
				82618914247C18310035F48C /* Info.plist */,
				825FFD99248D937C00D5E006 /* ChoseTimeWork.swift */,
				825FFD9B248D983300D5E006 /* WorkTimerStart.swift */,
			);
			path = ProcrastinationApp;
			sourceTree = "<group>";
		};
/* End PBXGroup section */

/* Begin PBXNativeTarget section */
		82618902247C182D0035F48C /* ProcrastinationApp */ = {
			isa = PBXNativeTarget;
			buildConfigurationList = 82618917247C18310035F48C /* Build configuration list for PBXNativeTarget "ProcrastinationApp" */;
			buildPhases = (
				826188FF247C182D0035F48C /* Sources */,
				82618900247C182D0035F48C /* Frameworks */,
				82618901247C182D0035F48C /* Resources */,
			);
			buildRules = (
			);
			dependencies = (
			);
			name = ProcrastinationApp;
			productName = ProcrastinationApp;
			productReference = 82618903247C182D0035F48C /* ProcrastinationApp.app */;
			productType = "com.apple.product-type.application";
		};
/* End PBXNativeTarget section */

/* Begin PBXProject section */
		826188FB247C182D0035F48C /* Project object */ = {
			isa = PBXProject;
			attributes = {
				LastSwiftUpdateCheck = 1120;
				LastUpgradeCheck = 1120;
				ORGANIZATIONNAME = "Wesley Sun";
				TargetAttributes = {
					82618902247C182D0035F48C = {
						CreatedOnToolsVersion = 11.2;
					};
				};
			};
			buildConfigurationList = 826188FE247C182D0035F48C /* Build configuration list for PBXProject "ProcrastinationApp" */;
			compatibilityVersion = "Xcode 9.3";
			developmentRegion = en;
			hasScannedForEncodings = 0;
			knownRegions = (
				en,
				Base,
			);
			mainGroup = 826188FA247C182D0035F48C;
			productRefGroup = 82618904247C182D0035F48C /* Products */;
			projectDirPath = "";
			projectRoot = "";
			targets = (
				82618902247C182D0035F48C /* ProcrastinationApp */,
			);
		};
/* End PBXProject section */

/* Begin PBXResourcesBuildPhase section */
		82618901247C182D0035F48C /* Resources */ = {
			isa = PBXResourcesBuildPhase;
			buildActionMask = 2147483647;
			files = (
				82618913247C18310035F48C /* LaunchScreen.storyboard in Resources */,
				82618910247C18310035F48C /* Assets.xcassets in Resources */,
				8261890E247C182D0035F48C /* Main.storyboard in Resources */,
			);
			runOnlyForDeploymentPostprocessing = 0;
		};
/* End PBXResourcesBuildPhase section */

/* Begin PBXSourcesBuildPhase section */
		826188FF247C182D0035F48C /* Sources */ = {
			isa = PBXSourcesBuildPhase;
			buildActionMask = 2147483647;
			files = (
				825FFD9A248D937D00D5E006 /* ChoseTimeWork.swift in Sources */,
				825FFD9C248D983300D5E006 /* WorkTimerStart.swift in Sources */,
				825FFD98248CACA400D5E006 /* ProcrastinationStopWatchScreen.swift in Sources */,
				8261890B247C182D0035F48C /* ViewController.swift in Sources */,
				82618907247C182D0035F48C /* AppDelegate.swift in Sources */,
				82618909247C182D0035F48C /* SceneDelegate.swift in Sources */,
			);
			runOnlyForDeploymentPostprocessing = 0;
		};
/* End PBXSourcesBuildPhase section */

/* Begin PBXVariantGroup section */
		8261890C247C182D0035F48C /* Main.storyboard */ = {
			isa = PBXVariantGroup;
			children = (
				8261890D247C182D0035F48C /* Base */,
			);
			name = Main.storyboard;
			sourceTree = "<group>";
		};
		82618911247C18310035F48C /* LaunchScreen.storyboard */ = {
			isa = PBXVariantGroup;
			children = (
				82618912247C18310035F48C /* Base */,
			);
			name = LaunchScreen.storyboard;
			sourceTree = "<group>";
		};
/* End PBXVariantGroup section */

/* Begin XCBuildConfiguration section */
		82618915247C18310035F48C /* Debug */ = {
			isa = XCBuildConfiguration;
			buildSettings = {
				ALWAYS_SEARCH_USER_PATHS = NO;
				CLANG_ANALYZER_NONNULL = YES;
				CLANG_ANALYZER_NUMBER_OBJECT_CONVERSION = YES_AGGRESSIVE;
				CLANG_CXX_LANGUAGE_STANDARD = "gnu++14";
				CLANG_CXX_LIBRARY = "libc++";
				CLANG_ENABLE_MODULES = YES;
				CLANG_ENABLE_OBJC_ARC = YES;
				CLANG_ENABLE_OBJC_WEAK = YES;
				CLANG_WARN_BLOCK_CAPTURE_AUTORELEASING = YES;
				CLANG_WARN_BOOL_CONVERSION = YES;
				CLANG_WARN_COMMA = YES;
				CLANG_WARN_CONSTANT_CONVERSION = YES;
				CLANG_WARN_DEPRECATED_OBJC_IMPLEMENTATIONS = YES;
				CLANG_WARN_DIRECT_OBJC_ISA_USAGE = YES_ERROR;
				CLANG_WARN_DOCUMENTATION_COMMENTS = YES;
				CLANG_WARN_EMPTY_BODY = YES;
				CLANG_WARN_ENUM_CONVERSION = YES;
				CLANG_WARN_INFINITE_RECURSION = YES;
				CLANG_WARN_INT_CONVERSION = YES;
				CLANG_WARN_NON_LITERAL_NULL_CONVERSION = YES;
				CLANG_WARN_OBJC_IMPLICIT_RETAIN_SELF = YES;
				CLANG_WARN_OBJC_LITERAL_CONVERSION = YES;
				CLANG_WARN_OBJC_ROOT_CLASS = YES_ERROR;
				CLANG_WARN_RANGE_LOOP_ANALYSIS = YES;
				CLANG_WARN_STRICT_PROTOTYPES = YES;
				CLANG_WARN_SUSPICIOUS_MOVE = YES;
				CLANG_WARN_UNGUARDED_AVAILABILITY = YES_AGGRESSIVE;
				CLANG_WARN_UNREACHABLE_CODE = YES;
				CLANG_WARN__DUPLICATE_METHOD_MATCH = YES;
				COPY_PHASE_STRIP = NO;
				DEBUG_INFORMATION_FORMAT = dwarf;
				ENABLE_STRICT_OBJC_MSGSEND = YES;
				ENABLE_TESTABILITY = YES;
				GCC_C_LANGUAGE_STANDARD = gnu11;
				GCC_DYNAMIC_NO_PIC = NO;
				GCC_NO_COMMON_BLOCKS = YES;
				GCC_OPTIMIZATION_LEVEL = 0;
				GCC_PREPROCESSOR_DEFINITIONS = (
					"DEBUG=1",
					"$(inherited)",
				);
				GCC_WARN_64_TO_32_BIT_CONVERSION = YES;
				GCC_WARN_ABOUT_RETURN_TYPE = YES_ERROR;
				GCC_WARN_UNDECLARED_SELECTOR = YES;
				GCC_WARN_UNINITIALIZED_AUTOS = YES_AGGRESSIVE;
				GCC_WARN_UNUSED_FUNCTION = YES;
				GCC_WARN_UNUSED_VARIABLE = YES;
				IPHONEOS_DEPLOYMENT_TARGET = 13.2;
				MTL_ENABLE_DEBUG_INFO = INCLUDE_SOURCE;
				MTL_FAST_MATH = YES;
				ONLY_ACTIVE_ARCH = YES;
				SDKROOT = iphoneos;
				SWIFT_ACTIVE_COMPILATION_CONDITIONS = DEBUG;
				SWIFT_OPTIMIZATION_LEVEL = "-Onone";
			};
			name = Debug;
		};
		82618916247C18310035F48C /* Release */ = {
			isa = XCBuildConfiguration;
			buildSettings = {
				ALWAYS_SEARCH_USER_PATHS = NO;
				CLANG_ANALYZER_NONNULL = YES;
				CLANG_ANALYZER_NUMBER_OBJECT_CONVERSION = YES_AGGRESSIVE;
				CLANG_CXX_LANGUAGE_STANDARD = "gnu++14";
				CLANG_CXX_LIBRARY = "libc++";
				CLANG_ENABLE_MODULES = YES;
				CLANG_ENABLE_OBJC_ARC = YES;
				CLANG_ENABLE_OBJC_WEAK = YES;
				CLANG_WARN_BLOCK_CAPTURE_AUTORELEASING = YES;
				CLANG_WARN_BOOL_CONVERSION = YES;
				CLANG_WARN_COMMA = YES;
				CLANG_WARN_CONSTANT_CONVERSION = YES;
				CLANG_WARN_DEPRECATED_OBJC_IMPLEMENTATIONS = YES;
				CLANG_WARN_DIRECT_OBJC_ISA_USAGE = YES_ERROR;
				CLANG_WARN_DOCUMENTATION_COMMENTS = YES;
				CLANG_WARN_EMPTY_BODY = YES;
				CLANG_WARN_ENUM_CONVERSION = YES;
				CLANG_WARN_INFINITE_RECURSION = YES;
				CLANG_WARN_INT_CONVERSION = YES;
				CLANG_WARN_NON_LITERAL_NULL_CONVERSION = YES;
				CLANG_WARN_OBJC_IMPLICIT_RETAIN_SELF = YES;
				CLANG_WARN_OBJC_LITERAL_CONVERSION = YES;
				CLANG_WARN_OBJC_ROOT_CLASS = YES_ERROR;
				CLANG_WARN_RANGE_LOOP_ANALYSIS = YES;
				CLANG_WARN_STRICT_PROTOTYPES = YES;
				CLANG_WARN_SUSPICIOUS_MOVE = YES;
				CLANG_WARN_UNGUARDED_AVAILABILITY = YES_AGGRESSIVE;
				CLANG_WARN_UNREACHABLE_CODE = YES;
				CLANG_WARN__DUPLICATE_METHOD_MATCH = YES;
				COPY_PHASE_STRIP = NO;
				DEBUG_INFORMATION_FORMAT = "dwarf-with-dsym";
				ENABLE_NS_ASSERTIONS = NO;
				ENABLE_STRICT_OBJC_MSGSEND = YES;
				GCC_C_LANGUAGE_STANDARD = gnu11;
				GCC_NO_COMMON_BLOCKS = YES;
				GCC_WARN_64_TO_32_BIT_CONVERSION = YES;
				GCC_WARN_ABOUT_RETURN_TYPE = YES_ERROR;
				GCC_WARN_UNDECLARED_SELECTOR = YES;
				GCC_WARN_UNINITIALIZED_AUTOS = YES_AGGRESSIVE;
				GCC_WARN_UNUSED_FUNCTION = YES;
				GCC_WARN_UNUSED_VARIABLE = YES;
				IPHONEOS_DEPLOYMENT_TARGET = 13.2;
				MTL_ENABLE_DEBUG_INFO = NO;
				MTL_FAST_MATH = YES;
				SDKROOT = iphoneos;
				SWIFT_COMPILATION_MODE = wholemodule;
				SWIFT_OPTIMIZATION_LEVEL = "-O";
				VALIDATE_PRODUCT = YES;
			};
			name = Release;
		};
		82618918247C18310035F48C /* Debug */ = {
			isa = XCBuildConfiguration;
			buildSettings = {
				ASSETCATALOG_COMPILER_APPICON_NAME = AppIcon;
				CODE_SIGN_STYLE = Automatic;
				DEVELOPMENT_TEAM = TZDC85BH9D;
				INFOPLIST_FILE = ProcrastinationApp/Info.plist;
				LD_RUNPATH_SEARCH_PATHS = (
					"$(inherited)",
					"@executable_path/Frameworks",
				);
				PRODUCT_BUNDLE_IDENTIFIER = ca.wesley.sun.ProcrastinationApp;
				PRODUCT_NAME = "$(TARGET_NAME)";
				SWIFT_VERSION = 5.0;
				TARGETED_DEVICE_FAMILY = "1,2";
			};
			name = Debug;
		};
		82618919247C18310035F48C /* Release */ = {
			isa = XCBuildConfiguration;
			buildSettings = {
				ASSETCATALOG_COMPILER_APPICON_NAME = AppIcon;
				CODE_SIGN_STYLE = Automatic;
				DEVELOPMENT_TEAM = TZDC85BH9D;
				INFOPLIST_FILE = ProcrastinationApp/Info.plist;
				LD_RUNPATH_SEARCH_PATHS = (
					"$(inherited)",
					"@executable_path/Frameworks",
				);
				PRODUCT_BUNDLE_IDENTIFIER = ca.wesley.sun.ProcrastinationApp;
				PRODUCT_NAME = "$(TARGET_NAME)";
				SWIFT_VERSION = 5.0;
				TARGETED_DEVICE_FAMILY = "1,2";
			};
			name = Release;
		};
/* End XCBuildConfiguration section */

/* Begin XCConfigurationList section */
		826188FE247C182D0035F48C /* Build configuration list for PBXProject "ProcrastinationApp" */ = {
			isa = XCConfigurationList;
			buildConfigurations = (
				82618915247C18310035F48C /* Debug */,
				82618916247C18310035F48C /* Release */,
			);
			defaultConfigurationIsVisible = 0;
			defaultConfigurationName = Release;
		};
		82618917247C18310035F48C /* Build configuration list for PBXNativeTarget "ProcrastinationApp" */ = {
			isa = XCConfigurationList;
			buildConfigurations = (
				82618918247C18310035F48C /* Debug */,
				82618919247C18310035F48C /* Release */,
			);
			defaultConfigurationIsVisible = 0;
			defaultConfigurationName = Release;
		};
/* End XCConfigurationList section */
	};
	rootObject = 826188FB247C182D0035F48C /* Project object */;
}
